
Microsoft Visual Studio Solution File, Format Version 12.00
# Visual Studio Version 16
VisualStudioVersion = 16.0.34729.46
MinimumVisualStudioVersion = 10.0.40219.1
Project("{FAE04EC0-301F-11D3-BF4B-00C04F79EFBC}") = "Elekton Project", "Elekton Project\Elekton Project.csproj", "{B8F61DE6-D5B4-4E0C-8C61-04A9A9139965}"
EndProject
Global
	GlobalSection(SolutionConfigurationPlatforms) = preSolution
		Debug|Any CPU = Debug|Any CPU
		Release|Any CPU = Release|Any CPU
	EndGlobalSection
	GlobalSection(ProjectConfigurationPlatforms) = postSolution
		{B8F61DE6-D5B4-4E0C-8C61-04A9A9139965}.Debug|Any CPU.ActiveCfg = Debug|Any CPU
		{B8F61DE6-D5B4-4E0C-8C61-04A9A9139965}.Debug|Any CPU.Build.0 = Debug|Any CPU
		{B8F61DE6-D5B4-4E0C-8C61-04A9A9139965}.Release|Any CPU.ActiveCfg = Release|Any CPU
		{B8F61DE6-D5B4-4E0C-8C61-04A9A9139965}.Release|Any CPU.Build.0 = Release|Any CPU
	EndGlobalSection
	GlobalSection(SolutionProperties) = preSolution
		HideSolutionNode = FALSE
	EndGlobalSection
	GlobalSection(ExtensibilityGlobals) = postSolution
		SolutionGuid = {60574FB4-8647-45C1-9FC4-1C35F301DD25}
	EndGlobalSection
EndGlobal
